
Microsoft Visual Studio Solution File, Format Version 12.00
# Visual Studio Version 17
VisualStudioVersion = 17.8.34330.188
MinimumVisualStudioVersion = 10.0.40219.1
Project("{9A19103F-16F7-4668-BE54-9A1E7A4F7556}") = "Crowmask", "Crowmask\Crowmask.csproj", "{7E2FFEDC-9163-4636-9209-61276A7A74ED}"
EndProject
Project("{2150E333-8FDC-42A3-9474-1A3956D46DE8}") = "Solution Items", "Solution Items", "{D87F3DE5-FFD9-4C90-A625-CB5B581D7C6F}"
	ProjectSection(SolutionItems) = preProject
		.gitignore = .gitignore
		LICENSE = LICENSE
		README.md = README.md
	EndProjectSection
EndProject
Project("{9A19103F-16F7-4668-BE54-9A1E7A4F7556}") = "Crowmask.Data", "Crowmask.Data\Crowmask.Data.csproj", "{25E5C366-59BF-41F7-9561-BFFADFCA55A7}"
EndProject
Project("{778DAE3C-4631-46EA-AA77-85C1314464D9}") = "Crowmask.Interfaces", "Crowmask.Interfaces\Crowmask.Interfaces.vbproj", "{A0022FDE-13CA-4861-B2A8-22235D91C7C0}"
EndProject
Project("{F2A71F9B-5D33-465A-A702-920D77279786}") = "Crowmask.LowLevel", "Crowmask.LowLevel\Crowmask.LowLevel.fsproj", "{E718FCA4-0D09-43BA-AA09-7503C3ED1B7A}"
EndProject
Project("{FAE04EC0-301F-11D3-BF4B-00C04F79EFBC}") = "Crowmask.HighLevel", "Crowmask.HighLevel\Crowmask.HighLevel.csproj", "{C2C579AE-A496-443F-89A7-A4E8EB7DB07B}"
EndProject
Global
	GlobalSection(SolutionConfigurationPlatforms) = preSolution
		Debug|Any CPU = Debug|Any CPU
		Release|Any CPU = Release|Any CPU
	EndGlobalSection
	GlobalSection(ProjectConfigurationPlatforms) = postSolution
		{7E2FFEDC-9163-4636-9209-61276A7A74ED}.Debug|Any CPU.ActiveCfg = Debug|Any CPU
		{7E2FFEDC-9163-4636-9209-61276A7A74ED}.Debug|Any CPU.Build.0 = Debug|Any CPU
		{7E2FFEDC-9163-4636-9209-61276A7A74ED}.Release|Any CPU.ActiveCfg = Release|Any CPU
		{7E2FFEDC-9163-4636-9209-61276A7A74ED}.Release|Any CPU.Build.0 = Release|Any CPU
		{25E5C366-59BF-41F7-9561-BFFADFCA55A7}.Debug|Any CPU.ActiveCfg = Debug|Any CPU
		{25E5C366-59BF-41F7-9561-BFFADFCA55A7}.Debug|Any CPU.Build.0 = Debug|Any CPU
		{25E5C366-59BF-41F7-9561-BFFADFCA55A7}.Release|Any CPU.ActiveCfg = Release|Any CPU
		{25E5C366-59BF-41F7-9561-BFFADFCA55A7}.Release|Any CPU.Build.0 = Release|Any CPU
		{A0022FDE-13CA-4861-B2A8-22235D91C7C0}.Debug|Any CPU.ActiveCfg = Debug|Any CPU
		{A0022FDE-13CA-4861-B2A8-22235D91C7C0}.Debug|Any CPU.Build.0 = Debug|Any CPU
		{A0022FDE-13CA-4861-B2A8-22235D91C7C0}.Release|Any CPU.ActiveCfg = Release|Any CPU
		{A0022FDE-13CA-4861-B2A8-22235D91C7C0}.Release|Any CPU.Build.0 = Release|Any CPU
		{E718FCA4-0D09-43BA-AA09-7503C3ED1B7A}.Debug|Any CPU.ActiveCfg = Debug|Any CPU
		{E718FCA4-0D09-43BA-AA09-7503C3ED1B7A}.Debug|Any CPU.Build.0 = Debug|Any CPU
		{E718FCA4-0D09-43BA-AA09-7503C3ED1B7A}.Release|Any CPU.ActiveCfg = Release|Any CPU
		{E718FCA4-0D09-43BA-AA09-7503C3ED1B7A}.Release|Any CPU.Build.0 = Release|Any CPU
		{C2C579AE-A496-443F-89A7-A4E8EB7DB07B}.Debug|Any CPU.ActiveCfg = Debug|Any CPU
		{C2C579AE-A496-443F-89A7-A4E8EB7DB07B}.Debug|Any CPU.Build.0 = Debug|Any CPU
		{C2C579AE-A496-443F-89A7-A4E8EB7DB07B}.Release|Any CPU.ActiveCfg = Release|Any CPU
		{C2C579AE-A496-443F-89A7-A4E8EB7DB07B}.Release|Any CPU.Build.0 = Release|Any CPU
	EndGlobalSection
	GlobalSection(SolutionProperties) = preSolution
		HideSolutionNode = FALSE
	EndGlobalSection
	GlobalSection(ExtensibilityGlobals) = postSolution
		SolutionGuid = {EF3A608E-4180-4E0A-85E9-7868527E7EA9}
	EndGlobalSection
EndGlobal
