
Microsoft Visual Studio Solution File, Format Version 12.00
# Visual Studio Version 17
VisualStudioVersion = 17.8.34330.188
MinimumVisualStudioVersion = 10.0.40219.1
Project("{9A19103F-16F7-4668-BE54-9A1E7A4F7556}") = "Crowmask", "Crowmask\Crowmask.csproj", "{7E2FFEDC-9163-4636-9209-61276A7A74ED}"
EndProject
Project("{2150E333-8FDC-42A3-9474-1A3956D46DE8}") = "Solution Items", "Solution Items", "{D87F3DE5-FFD9-4C90-A625-CB5B581D7C6F}"
	ProjectSection(SolutionItems) = preProject
		.gitignore = .gitignore
		LICENSE = LICENSE
		README.md = README.md
	EndProjectSection
EndProject
Project("{9A19103F-16F7-4668-BE54-9A1E7A4F7556}") = "Crowmask.Data", "Crowmask.Data\Crowmask.Data.csproj", "{25E5C366-59BF-41F7-9561-BFFADFCA55A7}"
EndProject
Project("{6EC3EE1D-3C4E-46DD-8F32-0CC8E7565705}") = "Crowmask.DomainModeling", "Crowmask.DomainModeling\Crowmask.DomainModeling.fsproj", "{4EC8603A-1847-40F1-94CC-4A76199E0F1E}"
EndProject
Project("{9A19103F-16F7-4668-BE54-9A1E7A4F7556}") = "Crowmask.Dependencies", "Crowmask.Dependencies\Crowmask.Dependencies.csproj", "{C73EFD74-ADF0-4099-970E-D5DF63B1FB74}"
EndProject
Project("{6EC3EE1D-3C4E-46DD-8F32-0CC8E7565705}") = "Crowmask.Formats", "Crowmask.Formats\Crowmask.Formats.fsproj", "{1B581070-9304-4C5D-8510-77BF76494B52}"
EndProject
Project("{9A19103F-16F7-4668-BE54-9A1E7A4F7556}") = "Crowmask.Library", "Crowmask.Library\Crowmask.Library.csproj", "{FA0DCBE2-8707-4B0D-B149-1CC2FDC1B598}"
EndProject
Project("{F184B08F-C81C-45F6-A57F-5ABD9991F28F}") = "Crowmask.Interfaces", "Crowmask.Interfaces\Crowmask.Interfaces.vbproj", "{A0022FDE-13CA-4861-B2A8-22235D91C7C0}"
EndProject
Global
	GlobalSection(SolutionConfigurationPlatforms) = preSolution
		Debug|Any CPU = Debug|Any CPU
		Release|Any CPU = Release|Any CPU
	EndGlobalSection
	GlobalSection(ProjectConfigurationPlatforms) = postSolution
		{7E2FFEDC-9163-4636-9209-61276A7A74ED}.Debug|Any CPU.ActiveCfg = Debug|Any CPU
		{7E2FFEDC-9163-4636-9209-61276A7A74ED}.Debug|Any CPU.Build.0 = Debug|Any CPU
		{7E2FFEDC-9163-4636-9209-61276A7A74ED}.Release|Any CPU.ActiveCfg = Release|Any CPU
		{7E2FFEDC-9163-4636-9209-61276A7A74ED}.Release|Any CPU.Build.0 = Release|Any CPU
		{25E5C366-59BF-41F7-9561-BFFADFCA55A7}.Debug|Any CPU.ActiveCfg = Debug|Any CPU
		{25E5C366-59BF-41F7-9561-BFFADFCA55A7}.Debug|Any CPU.Build.0 = Debug|Any CPU
		{25E5C366-59BF-41F7-9561-BFFADFCA55A7}.Release|Any CPU.ActiveCfg = Release|Any CPU
		{25E5C366-59BF-41F7-9561-BFFADFCA55A7}.Release|Any CPU.Build.0 = Release|Any CPU
		{4EC8603A-1847-40F1-94CC-4A76199E0F1E}.Debug|Any CPU.ActiveCfg = Debug|Any CPU
		{4EC8603A-1847-40F1-94CC-4A76199E0F1E}.Debug|Any CPU.Build.0 = Debug|Any CPU
		{4EC8603A-1847-40F1-94CC-4A76199E0F1E}.Release|Any CPU.ActiveCfg = Release|Any CPU
		{4EC8603A-1847-40F1-94CC-4A76199E0F1E}.Release|Any CPU.Build.0 = Release|Any CPU
		{C73EFD74-ADF0-4099-970E-D5DF63B1FB74}.Debug|Any CPU.ActiveCfg = Debug|Any CPU
		{C73EFD74-ADF0-4099-970E-D5DF63B1FB74}.Debug|Any CPU.Build.0 = Debug|Any CPU
		{C73EFD74-ADF0-4099-970E-D5DF63B1FB74}.Release|Any CPU.ActiveCfg = Release|Any CPU
		{C73EFD74-ADF0-4099-970E-D5DF63B1FB74}.Release|Any CPU.Build.0 = Release|Any CPU
		{1B581070-9304-4C5D-8510-77BF76494B52}.Debug|Any CPU.ActiveCfg = Debug|Any CPU
		{1B581070-9304-4C5D-8510-77BF76494B52}.Debug|Any CPU.Build.0 = Debug|Any CPU
		{1B581070-9304-4C5D-8510-77BF76494B52}.Release|Any CPU.ActiveCfg = Release|Any CPU
		{1B581070-9304-4C5D-8510-77BF76494B52}.Release|Any CPU.Build.0 = Release|Any CPU
		{FA0DCBE2-8707-4B0D-B149-1CC2FDC1B598}.Debug|Any CPU.ActiveCfg = Debug|Any CPU
		{FA0DCBE2-8707-4B0D-B149-1CC2FDC1B598}.Debug|Any CPU.Build.0 = Debug|Any CPU
		{FA0DCBE2-8707-4B0D-B149-1CC2FDC1B598}.Release|Any CPU.ActiveCfg = Release|Any CPU
		{FA0DCBE2-8707-4B0D-B149-1CC2FDC1B598}.Release|Any CPU.Build.0 = Release|Any CPU
		{A0022FDE-13CA-4861-B2A8-22235D91C7C0}.Debug|Any CPU.ActiveCfg = Debug|Any CPU
		{A0022FDE-13CA-4861-B2A8-22235D91C7C0}.Debug|Any CPU.Build.0 = Debug|Any CPU
		{A0022FDE-13CA-4861-B2A8-22235D91C7C0}.Release|Any CPU.ActiveCfg = Release|Any CPU
		{A0022FDE-13CA-4861-B2A8-22235D91C7C0}.Release|Any CPU.Build.0 = Release|Any CPU
	EndGlobalSection
	GlobalSection(SolutionProperties) = preSolution
		HideSolutionNode = FALSE
	EndGlobalSection
	GlobalSection(ExtensibilityGlobals) = postSolution
		SolutionGuid = {EF3A608E-4180-4E0A-85E9-7868527E7EA9}
	EndGlobalSection
EndGlobal
