
Microsoft Visual Studio Solution File, Format Version 12.00
# Visual Studio Version 17
VisualStudioVersion = 17.8.34330.188
MinimumVisualStudioVersion = 10.0.40219.1
Project("{9A19103F-16F7-4668-BE54-9A1E7A4F7556}") = "Crowmask", "Crowmask\Crowmask.csproj", "{7E2FFEDC-9163-4636-9209-61276A7A74ED}"
EndProject
Project("{2150E333-8FDC-42A3-9474-1A3956D46DE8}") = "Solution Items", "Solution Items", "{D87F3DE5-FFD9-4C90-A625-CB5B581D7C6F}"
	ProjectSection(SolutionItems) = preProject
		.gitignore = .gitignore
		LICENSE = LICENSE
		README.md = README.md
	EndProjectSection
EndProject
Project("{9A19103F-16F7-4668-BE54-9A1E7A4F7556}") = "Crowmask.Data", "Crowmask.Data\Crowmask.Data.csproj", "{25E5C366-59BF-41F7-9561-BFFADFCA55A7}"
EndProject
Project("{6EC3EE1D-3C4E-46DD-8F32-0CC8E7565705}") = "Crowmask.ActivityPub", "Crowmask.ActivityPub\Crowmask.ActivityPub.fsproj", "{823BAF0D-A68E-47A4-8B72-CA4562C51371}"
EndProject
Project("{9A19103F-16F7-4668-BE54-9A1E7A4F7556}") = "Crowmask.Weasyl", "Crowmask.Weasyl\Crowmask.Weasyl.csproj", "{B190A0FA-55C7-498C-825F-E9DE73747984}"
EndProject
Project("{9A19103F-16F7-4668-BE54-9A1E7A4F7556}") = "Crowmask.Cache", "Crowmask.Cache\Crowmask.Cache.csproj", "{3743C8EB-CBC0-4783-A22D-078F0BA40110}"
EndProject
Project("{9A19103F-16F7-4668-BE54-9A1E7A4F7556}") = "Crowmask.Remote", "Crowmask.Remote\Crowmask.Remote.csproj", "{9C998ED4-8782-4254-B993-43F6F06ACBEA}"
EndProject
Project("{6EC3EE1D-3C4E-46DD-8F32-0CC8E7565705}") = "Crowmask.DomainModeling", "Crowmask.DomainModeling\Crowmask.DomainModeling.fsproj", "{4EC8603A-1847-40F1-94CC-4A76199E0F1E}"
EndProject
Project("{6EC3EE1D-3C4E-46DD-8F32-0CC8E7565705}") = "Crowmask.Markdown", "Crowmask.Markdown\Crowmask.Markdown.fsproj", "{3AD78D98-E601-4FE9-88F8-DED30DA20854}"
EndProject
Global
	GlobalSection(SolutionConfigurationPlatforms) = preSolution
		Debug|Any CPU = Debug|Any CPU
		Release|Any CPU = Release|Any CPU
	EndGlobalSection
	GlobalSection(ProjectConfigurationPlatforms) = postSolution
		{7E2FFEDC-9163-4636-9209-61276A7A74ED}.Debug|Any CPU.ActiveCfg = Debug|Any CPU
		{7E2FFEDC-9163-4636-9209-61276A7A74ED}.Debug|Any CPU.Build.0 = Debug|Any CPU
		{7E2FFEDC-9163-4636-9209-61276A7A74ED}.Release|Any CPU.ActiveCfg = Release|Any CPU
		{7E2FFEDC-9163-4636-9209-61276A7A74ED}.Release|Any CPU.Build.0 = Release|Any CPU
		{25E5C366-59BF-41F7-9561-BFFADFCA55A7}.Debug|Any CPU.ActiveCfg = Debug|Any CPU
		{25E5C366-59BF-41F7-9561-BFFADFCA55A7}.Debug|Any CPU.Build.0 = Debug|Any CPU
		{25E5C366-59BF-41F7-9561-BFFADFCA55A7}.Release|Any CPU.ActiveCfg = Release|Any CPU
		{25E5C366-59BF-41F7-9561-BFFADFCA55A7}.Release|Any CPU.Build.0 = Release|Any CPU
		{823BAF0D-A68E-47A4-8B72-CA4562C51371}.Debug|Any CPU.ActiveCfg = Debug|Any CPU
		{823BAF0D-A68E-47A4-8B72-CA4562C51371}.Debug|Any CPU.Build.0 = Debug|Any CPU
		{823BAF0D-A68E-47A4-8B72-CA4562C51371}.Release|Any CPU.ActiveCfg = Release|Any CPU
		{823BAF0D-A68E-47A4-8B72-CA4562C51371}.Release|Any CPU.Build.0 = Release|Any CPU
		{B190A0FA-55C7-498C-825F-E9DE73747984}.Debug|Any CPU.ActiveCfg = Debug|Any CPU
		{B190A0FA-55C7-498C-825F-E9DE73747984}.Debug|Any CPU.Build.0 = Debug|Any CPU
		{B190A0FA-55C7-498C-825F-E9DE73747984}.Release|Any CPU.ActiveCfg = Release|Any CPU
		{B190A0FA-55C7-498C-825F-E9DE73747984}.Release|Any CPU.Build.0 = Release|Any CPU
		{3743C8EB-CBC0-4783-A22D-078F0BA40110}.Debug|Any CPU.ActiveCfg = Debug|Any CPU
		{3743C8EB-CBC0-4783-A22D-078F0BA40110}.Debug|Any CPU.Build.0 = Debug|Any CPU
		{3743C8EB-CBC0-4783-A22D-078F0BA40110}.Release|Any CPU.ActiveCfg = Release|Any CPU
		{3743C8EB-CBC0-4783-A22D-078F0BA40110}.Release|Any CPU.Build.0 = Release|Any CPU
		{9C998ED4-8782-4254-B993-43F6F06ACBEA}.Debug|Any CPU.ActiveCfg = Debug|Any CPU
		{9C998ED4-8782-4254-B993-43F6F06ACBEA}.Debug|Any CPU.Build.0 = Debug|Any CPU
		{9C998ED4-8782-4254-B993-43F6F06ACBEA}.Release|Any CPU.ActiveCfg = Release|Any CPU
		{9C998ED4-8782-4254-B993-43F6F06ACBEA}.Release|Any CPU.Build.0 = Release|Any CPU
		{4EC8603A-1847-40F1-94CC-4A76199E0F1E}.Debug|Any CPU.ActiveCfg = Debug|Any CPU
		{4EC8603A-1847-40F1-94CC-4A76199E0F1E}.Debug|Any CPU.Build.0 = Debug|Any CPU
		{4EC8603A-1847-40F1-94CC-4A76199E0F1E}.Release|Any CPU.ActiveCfg = Release|Any CPU
		{4EC8603A-1847-40F1-94CC-4A76199E0F1E}.Release|Any CPU.Build.0 = Release|Any CPU
		{3AD78D98-E601-4FE9-88F8-DED30DA20854}.Debug|Any CPU.ActiveCfg = Debug|Any CPU
		{3AD78D98-E601-4FE9-88F8-DED30DA20854}.Debug|Any CPU.Build.0 = Debug|Any CPU
		{3AD78D98-E601-4FE9-88F8-DED30DA20854}.Release|Any CPU.ActiveCfg = Release|Any CPU
		{3AD78D98-E601-4FE9-88F8-DED30DA20854}.Release|Any CPU.Build.0 = Release|Any CPU
	EndGlobalSection
	GlobalSection(SolutionProperties) = preSolution
		HideSolutionNode = FALSE
	EndGlobalSection
	GlobalSection(ExtensibilityGlobals) = postSolution
		SolutionGuid = {EF3A608E-4180-4E0A-85E9-7868527E7EA9}
	EndGlobalSection
EndGlobal
